
Microsoft Visual Studio Solution File, Format Version 12.00
# Visual Studio Version 17
VisualStudioVersion = 17.1.32210.238
MinimumVisualStudioVersion = 10.0.40219.1
Project("{FAE04EC0-301F-11D3-BF4B-00C04F79EFBC}") = "WeatherAlmanac.UI", "WeatherAlmanacEx\WeatherAlmanac.UI.csproj", "{C4F01295-D328-4CA8-89CB-1CBF1E511C9E}"
	ProjectSection(ProjectDependencies) = postProject
		{D41E3106-DB44-459C-8AEE-0B739D239AE2} = {D41E3106-DB44-459C-8AEE-0B739D239AE2}
		{14FA03C1-4D82-4B95-8356-E37466B4A4CC} = {14FA03C1-4D82-4B95-8356-E37466B4A4CC}
	EndProjectSection
EndProject
Project("{FAE04EC0-301F-11D3-BF4B-00C04F79EFBC}") = "WeatherAlmanac.Core", "WeatherAlmanac.Core\WeatherAlmanac.Core.csproj", "{D41E3106-DB44-459C-8AEE-0B739D239AE2}"
EndProject
Project("{FAE04EC0-301F-11D3-BF4B-00C04F79EFBC}") = "WeatherAlmanac.BLL", "WeatherAlmanac.BLL\WeatherAlmanac.BLL.csproj", "{14FA03C1-4D82-4B95-8356-E37466B4A4CC}"
EndProject
Project("{FAE04EC0-301F-11D3-BF4B-00C04F79EFBC}") = "WeatherAlmanac.DAL", "WeatherAlmanac.DAL\WeatherAlmanac.DAL.csproj", "{F3A37CA7-53D2-426B-8956-3D84DA324EA4}"
EndProject
Global
	GlobalSection(SolutionConfigurationPlatforms) = preSolution
		Debug|Any CPU = Debug|Any CPU
		Release|Any CPU = Release|Any CPU
	EndGlobalSection
	GlobalSection(ProjectConfigurationPlatforms) = postSolution
		{C4F01295-D328-4CA8-89CB-1CBF1E511C9E}.Debug|Any CPU.ActiveCfg = Debug|Any CPU
		{C4F01295-D328-4CA8-89CB-1CBF1E511C9E}.Debug|Any CPU.Build.0 = Debug|Any CPU
		{C4F01295-D328-4CA8-89CB-1CBF1E511C9E}.Release|Any CPU.ActiveCfg = Release|Any CPU
		{C4F01295-D328-4CA8-89CB-1CBF1E511C9E}.Release|Any CPU.Build.0 = Release|Any CPU
		{D41E3106-DB44-459C-8AEE-0B739D239AE2}.Debug|Any CPU.ActiveCfg = Debug|Any CPU
		{D41E3106-DB44-459C-8AEE-0B739D239AE2}.Debug|Any CPU.Build.0 = Debug|Any CPU
		{D41E3106-DB44-459C-8AEE-0B739D239AE2}.Release|Any CPU.ActiveCfg = Release|Any CPU
		{D41E3106-DB44-459C-8AEE-0B739D239AE2}.Release|Any CPU.Build.0 = Release|Any CPU
		{14FA03C1-4D82-4B95-8356-E37466B4A4CC}.Debug|Any CPU.ActiveCfg = Debug|Any CPU
		{14FA03C1-4D82-4B95-8356-E37466B4A4CC}.Debug|Any CPU.Build.0 = Debug|Any CPU
		{14FA03C1-4D82-4B95-8356-E37466B4A4CC}.Release|Any CPU.ActiveCfg = Release|Any CPU
		{14FA03C1-4D82-4B95-8356-E37466B4A4CC}.Release|Any CPU.Build.0 = Release|Any CPU
		{F3A37CA7-53D2-426B-8956-3D84DA324EA4}.Debug|Any CPU.ActiveCfg = Debug|Any CPU
		{F3A37CA7-53D2-426B-8956-3D84DA324EA4}.Debug|Any CPU.Build.0 = Debug|Any CPU
		{F3A37CA7-53D2-426B-8956-3D84DA324EA4}.Release|Any CPU.ActiveCfg = Release|Any CPU
		{F3A37CA7-53D2-426B-8956-3D84DA324EA4}.Release|Any CPU.Build.0 = Release|Any CPU
	EndGlobalSection
	GlobalSection(SolutionProperties) = preSolution
		HideSolutionNode = FALSE
	EndGlobalSection
	GlobalSection(ExtensibilityGlobals) = postSolution
		SolutionGuid = {04BE3D74-D72C-4356-A80F-B68432815C34}
	EndGlobalSection
EndGlobal
